
Microsoft Visual Studio Solution File, Format Version 12.00
# Visual Studio Version 17
VisualStudioVersion = 17.14.36301.6 d17.14
MinimumVisualStudioVersion = 10.0.40219.1
Project("{FAE04EC0-301F-11D3-BF4B-00C04F79EFBC}") = "CAMS-API", "CAMS-API.csproj", "{0B3199DC-98DB-4598-980B-49D2404D3597}"
EndProject
Global
	GlobalSection(SolutionConfigurationPlatforms) = preSolution
		Debug|Any CPU = Debug|Any CPU
		Release|Any CPU = Release|Any CPU
	EndGlobalSection
	GlobalSection(ProjectConfigurationPlatforms) = postSolution
		{0B3199DC-98DB-4598-980B-49D2404D3597}.Debug|Any CPU.ActiveCfg = Debug|Any CPU
		{0B3199DC-98DB-4598-980B-49D2404D3597}.Debug|Any CPU.Build.0 = Debug|Any CPU
		{0B3199DC-98DB-4598-980B-49D2404D3597}.Release|Any CPU.ActiveCfg = Release|Any CPU
		{0B3199DC-98DB-4598-980B-49D2404D3597}.Release|Any CPU.Build.0 = Release|Any CPU
	EndGlobalSection
	GlobalSection(SolutionProperties) = preSolution
		HideSolutionNode = FALSE
	EndGlobalSection
	GlobalSection(ExtensibilityGlobals) = postSolution
		SolutionGuid = {16B4E1ED-9E4B-4F50-8123-F2765AE60CAC}
	EndGlobalSection
EndGlobal
